
Microsoft Visual Studio Solution File, Format Version 12.00
# Visual Studio 15
VisualStudioVersion = 15.0.26124.0
MinimumVisualStudioVersion = 15.0.26124.0
Project("{FAE04EC0-301F-11D3-BF4B-00C04F79EFBC}") = "E5R.Zero", "src\E5R.Zero\E5R.Zero.csproj", "{2515C6C0-8DBB-4AE2-9603-4D9AAA0614F5}"
EndProject
Project("{FAE04EC0-301F-11D3-BF4B-00C04F79EFBC}") = "E5R.Zero.Domain", "src\E5R.Zero.Domain\E5R.Zero.Domain.csproj", "{D159A544-8AC0-4A02-ACF5-4D2492E74D1E}"
EndProject
Project("{2150E333-8FDC-42A3-9474-1A3956D46DE8}") = "Test", "Test", "{A4B7C179-09FC-4DCB-B861-8E5D8EDB9DD6}"
EndProject
Project("{FAE04EC0-301F-11D3-BF4B-00C04F79EFBC}") = "E5R.Zero.UnitTest", "test\E5R.Zero.UnitTest\E5R.Zero.UnitTest.csproj", "{497DFF20-6AD0-40C4-9F0F-115A5DD4FB55}"
EndProject
Project("{FAE04EC0-301F-11D3-BF4B-00C04F79EFBC}") = "E5R.Zero.Data.MongoDB", "src\E5R.Zero.Data.MongoDB\E5R.Zero.Data.MongoDB.csproj", "{0D58155F-2131-484A-BD41-7670F0028325}"
EndProject
Project("{FAE04EC0-301F-11D3-BF4B-00C04F79EFBC}") = "E5R.Zero.Net.Server", "src\E5R.Zero.Net.Server\E5R.Zero.Net.Server.csproj", "{966F6C22-3FF4-450B-82B4-53F864A5F99D}"
EndProject
Project("{2150E333-8FDC-42A3-9474-1A3956D46DE8}") = "Root", "Root", "{901D8820-E28E-11EB-896B-A3B79D750A7C}"
EndProject
Project("{2150E333-8FDC-42A3-9474-1A3956D46DE8}") = "Source", "Source", "{941FD680-E28E-11EB-896B-A3B79D750A7C}"
EndProject
Project("{2150E333-8FDC-42A3-9474-1A3956D46DE8}") = "Core", "Core", "{96CA5D10-E28E-11EB-896B-A3B79D750A7C}"
EndProject
Project("{2150E333-8FDC-42A3-9474-1A3956D46DE8}") = "Infrastructure", "Infrastructure", "{A405D090-E28E-11EB-896B-A3B79D750A7C}"
EndProject
Project("{2150E333-8FDC-42A3-9474-1A3956D46DE8}") = "Data", "Data", "{A80E8790-E28E-11EB-896B-A3B79D750A7C}"
EndProject
Project("{2150E333-8FDC-42A3-9474-1A3956D46DE8}") = "UserInterface", "UserInterface", "{C0CBD7B0-E28E-11EB-896B-A3B79D750A7C}"
EndProject
Project("{2150E333-8FDC-42A3-9474-1A3956D46DE8}") = "Net", "Net", "{C6C78510-E28E-11EB-896B-A3B79D750A7C}"
EndProject
Project("{2150E333-8FDC-42A3-9474-1A3956D46DE8}") = "UnitTest", "UnitTest", "{D620A870-E28E-11EB-896B-A3B79D750A7C}"
EndProject
Project("{FAE04EC0-301F-11D3-BF4B-00C04F79EFBC}") = "E5R.Zero.Net.Client", "src\E5R.Zero.Net.Client\E5R.Zero.Net.Client.csproj", "{11AEB814-1582-443D-8B59-51DCB7049479}"
EndProject
Global
	GlobalSection(SolutionConfigurationPlatforms) = preSolution
		Debug|Any CPU = Debug|Any CPU
		Debug|x64 = Debug|x64
		Debug|x86 = Debug|x86
		Release|Any CPU = Release|Any CPU
		Release|x64 = Release|x64
		Release|x86 = Release|x86
	EndGlobalSection
	GlobalSection(SolutionProperties) = preSolution
		HideSolutionNode = FALSE
	EndGlobalSection
	GlobalSection(ProjectConfigurationPlatforms) = postSolution
		{2515C6C0-8DBB-4AE2-9603-4D9AAA0614F5}.Debug|Any CPU.ActiveCfg = Debug|Any CPU
		{2515C6C0-8DBB-4AE2-9603-4D9AAA0614F5}.Debug|Any CPU.Build.0 = Debug|Any CPU
		{2515C6C0-8DBB-4AE2-9603-4D9AAA0614F5}.Debug|x64.ActiveCfg = Debug|Any CPU
		{2515C6C0-8DBB-4AE2-9603-4D9AAA0614F5}.Debug|x64.Build.0 = Debug|Any CPU
		{2515C6C0-8DBB-4AE2-9603-4D9AAA0614F5}.Debug|x86.ActiveCfg = Debug|Any CPU
		{2515C6C0-8DBB-4AE2-9603-4D9AAA0614F5}.Debug|x86.Build.0 = Debug|Any CPU
		{2515C6C0-8DBB-4AE2-9603-4D9AAA0614F5}.Release|Any CPU.ActiveCfg = Release|Any CPU
		{2515C6C0-8DBB-4AE2-9603-4D9AAA0614F5}.Release|Any CPU.Build.0 = Release|Any CPU
		{2515C6C0-8DBB-4AE2-9603-4D9AAA0614F5}.Release|x64.ActiveCfg = Release|Any CPU
		{2515C6C0-8DBB-4AE2-9603-4D9AAA0614F5}.Release|x64.Build.0 = Release|Any CPU
		{2515C6C0-8DBB-4AE2-9603-4D9AAA0614F5}.Release|x86.ActiveCfg = Release|Any CPU
		{2515C6C0-8DBB-4AE2-9603-4D9AAA0614F5}.Release|x86.Build.0 = Release|Any CPU
		{D159A544-8AC0-4A02-ACF5-4D2492E74D1E}.Debug|Any CPU.ActiveCfg = Debug|Any CPU
		{D159A544-8AC0-4A02-ACF5-4D2492E74D1E}.Debug|Any CPU.Build.0 = Debug|Any CPU
		{D159A544-8AC0-4A02-ACF5-4D2492E74D1E}.Debug|x64.ActiveCfg = Debug|Any CPU
		{D159A544-8AC0-4A02-ACF5-4D2492E74D1E}.Debug|x64.Build.0 = Debug|Any CPU
		{D159A544-8AC0-4A02-ACF5-4D2492E74D1E}.Debug|x86.ActiveCfg = Debug|Any CPU
		{D159A544-8AC0-4A02-ACF5-4D2492E74D1E}.Debug|x86.Build.0 = Debug|Any CPU
		{D159A544-8AC0-4A02-ACF5-4D2492E74D1E}.Release|Any CPU.ActiveCfg = Release|Any CPU
		{D159A544-8AC0-4A02-ACF5-4D2492E74D1E}.Release|Any CPU.Build.0 = Release|Any CPU
		{D159A544-8AC0-4A02-ACF5-4D2492E74D1E}.Release|x64.ActiveCfg = Release|Any CPU
		{D159A544-8AC0-4A02-ACF5-4D2492E74D1E}.Release|x64.Build.0 = Release|Any CPU
		{D159A544-8AC0-4A02-ACF5-4D2492E74D1E}.Release|x86.ActiveCfg = Release|Any CPU
		{D159A544-8AC0-4A02-ACF5-4D2492E74D1E}.Release|x86.Build.0 = Release|Any CPU
		{497DFF20-6AD0-40C4-9F0F-115A5DD4FB55}.Debug|Any CPU.ActiveCfg = Debug|Any CPU
		{497DFF20-6AD0-40C4-9F0F-115A5DD4FB55}.Debug|Any CPU.Build.0 = Debug|Any CPU
		{497DFF20-6AD0-40C4-9F0F-115A5DD4FB55}.Debug|x64.ActiveCfg = Debug|Any CPU
		{497DFF20-6AD0-40C4-9F0F-115A5DD4FB55}.Debug|x64.Build.0 = Debug|Any CPU
		{497DFF20-6AD0-40C4-9F0F-115A5DD4FB55}.Debug|x86.ActiveCfg = Debug|Any CPU
		{497DFF20-6AD0-40C4-9F0F-115A5DD4FB55}.Debug|x86.Build.0 = Debug|Any CPU
		{497DFF20-6AD0-40C4-9F0F-115A5DD4FB55}.Release|Any CPU.ActiveCfg = Release|Any CPU
		{497DFF20-6AD0-40C4-9F0F-115A5DD4FB55}.Release|Any CPU.Build.0 = Release|Any CPU
		{497DFF20-6AD0-40C4-9F0F-115A5DD4FB55}.Release|x64.ActiveCfg = Release|Any CPU
		{497DFF20-6AD0-40C4-9F0F-115A5DD4FB55}.Release|x64.Build.0 = Release|Any CPU
		{497DFF20-6AD0-40C4-9F0F-115A5DD4FB55}.Release|x86.ActiveCfg = Release|Any CPU
		{497DFF20-6AD0-40C4-9F0F-115A5DD4FB55}.Release|x86.Build.0 = Release|Any CPU
		{0D58155F-2131-484A-BD41-7670F0028325}.Debug|Any CPU.ActiveCfg = Debug|Any CPU
		{0D58155F-2131-484A-BD41-7670F0028325}.Debug|Any CPU.Build.0 = Debug|Any CPU
		{0D58155F-2131-484A-BD41-7670F0028325}.Debug|x64.ActiveCfg = Debug|Any CPU
		{0D58155F-2131-484A-BD41-7670F0028325}.Debug|x64.Build.0 = Debug|Any CPU
		{0D58155F-2131-484A-BD41-7670F0028325}.Debug|x86.ActiveCfg = Debug|Any CPU
		{0D58155F-2131-484A-BD41-7670F0028325}.Debug|x86.Build.0 = Debug|Any CPU
		{0D58155F-2131-484A-BD41-7670F0028325}.Release|Any CPU.ActiveCfg = Release|Any CPU
		{0D58155F-2131-484A-BD41-7670F0028325}.Release|Any CPU.Build.0 = Release|Any CPU
		{0D58155F-2131-484A-BD41-7670F0028325}.Release|x64.ActiveCfg = Release|Any CPU
		{0D58155F-2131-484A-BD41-7670F0028325}.Release|x64.Build.0 = Release|Any CPU
		{0D58155F-2131-484A-BD41-7670F0028325}.Release|x86.ActiveCfg = Release|Any CPU
		{0D58155F-2131-484A-BD41-7670F0028325}.Release|x86.Build.0 = Release|Any CPU
		{966F6C22-3FF4-450B-82B4-53F864A5F99D}.Debug|Any CPU.ActiveCfg = Debug|Any CPU
		{966F6C22-3FF4-450B-82B4-53F864A5F99D}.Debug|Any CPU.Build.0 = Debug|Any CPU
		{966F6C22-3FF4-450B-82B4-53F864A5F99D}.Debug|x64.ActiveCfg = Debug|Any CPU
		{966F6C22-3FF4-450B-82B4-53F864A5F99D}.Debug|x64.Build.0 = Debug|Any CPU
		{966F6C22-3FF4-450B-82B4-53F864A5F99D}.Debug|x86.ActiveCfg = Debug|Any CPU
		{966F6C22-3FF4-450B-82B4-53F864A5F99D}.Debug|x86.Build.0 = Debug|Any CPU
		{966F6C22-3FF4-450B-82B4-53F864A5F99D}.Release|Any CPU.ActiveCfg = Release|Any CPU
		{966F6C22-3FF4-450B-82B4-53F864A5F99D}.Release|Any CPU.Build.0 = Release|Any CPU
		{966F6C22-3FF4-450B-82B4-53F864A5F99D}.Release|x64.ActiveCfg = Release|Any CPU
		{966F6C22-3FF4-450B-82B4-53F864A5F99D}.Release|x64.Build.0 = Release|Any CPU
		{966F6C22-3FF4-450B-82B4-53F864A5F99D}.Release|x86.ActiveCfg = Release|Any CPU
		{966F6C22-3FF4-450B-82B4-53F864A5F99D}.Release|x86.Build.0 = Release|Any CPU
		{11AEB814-1582-443D-8B59-51DCB7049479}.Debug|Any CPU.ActiveCfg = Debug|Any CPU
		{11AEB814-1582-443D-8B59-51DCB7049479}.Debug|Any CPU.Build.0 = Debug|Any CPU
		{11AEB814-1582-443D-8B59-51DCB7049479}.Debug|x64.ActiveCfg = Debug|Any CPU
		{11AEB814-1582-443D-8B59-51DCB7049479}.Debug|x64.Build.0 = Debug|Any CPU
		{11AEB814-1582-443D-8B59-51DCB7049479}.Debug|x86.ActiveCfg = Debug|Any CPU
		{11AEB814-1582-443D-8B59-51DCB7049479}.Debug|x86.Build.0 = Debug|Any CPU
		{11AEB814-1582-443D-8B59-51DCB7049479}.Release|Any CPU.ActiveCfg = Release|Any CPU
		{11AEB814-1582-443D-8B59-51DCB7049479}.Release|Any CPU.Build.0 = Release|Any CPU
		{11AEB814-1582-443D-8B59-51DCB7049479}.Release|x64.ActiveCfg = Release|Any CPU
		{11AEB814-1582-443D-8B59-51DCB7049479}.Release|x64.Build.0 = Release|Any CPU
		{11AEB814-1582-443D-8B59-51DCB7049479}.Release|x86.ActiveCfg = Release|Any CPU
		{11AEB814-1582-443D-8B59-51DCB7049479}.Release|x86.Build.0 = Release|Any CPU
	EndGlobalSection
	GlobalSection(NestedProjects) = preSolution
		{D620A870-E28E-11EB-896B-A3B79D750A7C} = {A4B7C179-09FC-4DCB-B861-8E5D8EDB9DD6}
		{C6C78510-E28E-11EB-896B-A3B79D750A7C} = {C0CBD7B0-E28E-11EB-896B-A3B79D750A7C}
		{C0CBD7B0-E28E-11EB-896B-A3B79D750A7C} = {941FD680-E28E-11EB-896B-A3B79D750A7C}
		{A405D090-E28E-11EB-896B-A3B79D750A7C} = {941FD680-E28E-11EB-896B-A3B79D750A7C}
		{A80E8790-E28E-11EB-896B-A3B79D750A7C} = {A405D090-E28E-11EB-896B-A3B79D750A7C}
		{96CA5D10-E28E-11EB-896B-A3B79D750A7C} = {941FD680-E28E-11EB-896B-A3B79D750A7C}
		{2515C6C0-8DBB-4AE2-9603-4D9AAA0614F5} = {96CA5D10-E28E-11EB-896B-A3B79D750A7C}
		{D159A544-8AC0-4A02-ACF5-4D2492E74D1E} = {96CA5D10-E28E-11EB-896B-A3B79D750A7C}
		{497DFF20-6AD0-40C4-9F0F-115A5DD4FB55} = {D620A870-E28E-11EB-896B-A3B79D750A7C}
		{0D58155F-2131-484A-BD41-7670F0028325} = {A80E8790-E28E-11EB-896B-A3B79D750A7C}
		{966F6C22-3FF4-450B-82B4-53F864A5F99D} = {C6C78510-E28E-11EB-896B-A3B79D750A7C}
		{11AEB814-1582-443D-8B59-51DCB7049479} = {C6C78510-E28E-11EB-896B-A3B79D750A7C}
	EndGlobalSection
EndGlobal
